
Microsoft Visual Studio Solution File, Format Version 12.00
# Visual Studio Version 17
VisualStudioVersion = 17.6.33829.357
MinimumVisualStudioVersion = 10.0.40219.1
Project("{FAE04EC0-301F-11D3-BF4B-00C04F79EFBC}") = "AppDevice", "AppDevice\AppDevice.csproj", "{2A5ECBB3-174D-485A-AAB5-D5A31428A27B}"
EndProject
Global
	GlobalSection(SolutionConfigurationPlatforms) = preSolution
		Debug|Any CPU = Debug|Any CPU
		Release|Any CPU = Release|Any CPU
	EndGlobalSection
	GlobalSection(ProjectConfigurationPlatforms) = postSolution
		{2A5ECBB3-174D-485A-AAB5-D5A31428A27B}.Debug|Any CPU.ActiveCfg = Debug|Any CPU
		{2A5ECBB3-174D-485A-AAB5-D5A31428A27B}.Debug|Any CPU.Build.0 = Debug|Any CPU
		{2A5ECBB3-174D-485A-AAB5-D5A31428A27B}.Release|Any CPU.ActiveCfg = Release|Any CPU
		{2A5ECBB3-174D-485A-AAB5-D5A31428A27B}.Release|Any CPU.Build.0 = Release|Any CPU
	EndGlobalSection
	GlobalSection(SolutionProperties) = preSolution
		HideSolutionNode = FALSE
	EndGlobalSection
	GlobalSection(ExtensibilityGlobals) = postSolution
		SolutionGuid = {8A9D93BC-6BD2-4DF8-BB60-0A7B5CAD9FD5}
	EndGlobalSection
EndGlobal
